// !$*UTF8*$!
{
	archiveVersion = 1;
	classes = {
	};
	objectVersion = 50;
	objects = {

/* Begin PBXBuildFile section */
		F251F29524AEDFCF00BE7B98 /* AppDelegate.swift in Sources */ = {isa = PBXBuildFile; fileRef = F251F29424AEDFCF00BE7B98 /* AppDelegate.swift */; };
		F251F29724AEDFCF00BE7B98 /* GameScene.sks in Resources */ = {isa = PBXBuildFile; fileRef = F251F29624AEDFCF00BE7B98 /* GameScene.sks */; };
		F251F29924AEDFCF00BE7B98 /* Actions.sks in Resources */ = {isa = PBXBuildFile; fileRef = F251F29824AEDFCF00BE7B98 /* Actions.sks */; };
		F251F29B24AEDFCF00BE7B98 /* GameScene.swift in Sources */ = {isa = PBXBuildFile; fileRef = F251F29A24AEDFCF00BE7B98 /* GameScene.swift */; };
		F251F29D24AEDFCF00BE7B98 /* GameViewController.swift in Sources */ = {isa = PBXBuildFile; fileRef = F251F29C24AEDFCF00BE7B98 /* GameViewController.swift */; };
		F251F2A024AEDFCF00BE7B98 /* Main.storyboard in Resources */ = {isa = PBXBuildFile; fileRef = F251F29E24AEDFCF00BE7B98 /* Main.storyboard */; };
		F251F2A224AEDFCF00BE7B98 /* Assets.xcassets in Resources */ = {isa = PBXBuildFile; fileRef = F251F2A124AEDFCF00BE7B98 /* Assets.xcassets */; };
		F251F2A524AEDFD000BE7B98 /* LaunchScreen.storyboard in Resources */ = {isa = PBXBuildFile; fileRef = F251F2A324AEDFD000BE7B98 /* LaunchScreen.storyboard */; };
/* End PBXBuildFile section */

/* Begin PBXFileReference section */
		F251F29124AEDFCF00BE7B98 /* gameGalacticBattle.app */ = {isa = PBXFileReference; explicitFileType = wrapper.application; includeInIndex = 0; path = gameGalacticBattle.app; sourceTree = BUILT_PRODUCTS_DIR; };
		F251F29424AEDFCF00BE7B98 /* AppDelegate.swift */ = {isa = PBXFileReference; lastKnownFileType = sourcecode.swift; path = AppDelegate.swift; sourceTree = "<group>"; };
		F251F29624AEDFCF00BE7B98 /* GameScene.sks */ = {isa = PBXFileReference; lastKnownFileType = file.sks; path = GameScene.sks; sourceTree = "<group>"; };
		F251F29824AEDFCF00BE7B98 /* Actions.sks */ = {isa = PBXFileReference; lastKnownFileType = file.sks; path = Actions.sks; sourceTree = "<group>"; };
		F251F29A24AEDFCF00BE7B98 /* GameScene.swift */ = {isa = PBXFileReference; lastKnownFileType = sourcecode.swift; path = GameScene.swift; sourceTree = "<group>"; };
		F251F29C24AEDFCF00BE7B98 /* GameViewController.swift */ = {isa = PBXFileReference; lastKnownFileType = sourcecode.swift; path = GameViewController.swift; sourceTree = "<group>"; };
		F251F29F24AEDFCF00BE7B98 /* Base */ = {isa = PBXFileReference; lastKnownFileType = file.storyboard; name = Base; path = Base.lproj/Main.storyboard; sourceTree = "<group>"; };
		F251F2A124AEDFCF00BE7B98 /* Assets.xcassets */ = {isa = PBXFileReference; lastKnownFileType = folder.assetcatalog; path = Assets.xcassets; sourceTree = "<group>"; };
		F251F2A424AEDFD000BE7B98 /* Base */ = {isa = PBXFileReference; lastKnownFileType = file.storyboard; name = Base; path = Base.lproj/LaunchScreen.storyboard; sourceTree = "<group>"; };
		F251F2A624AEDFD000BE7B98 /* Info.plist */ = {isa = PBXFileReference; lastKnownFileType = text.plist.xml; path = Info.plist; sourceTree = "<group>"; };
/* End PBXFileReference section */

/* Begin PBXFrameworksBuildPhase section */
		F251F28E24AEDFCF00BE7B98 /* Frameworks */ = {
			isa = PBXFrameworksBuildPhase;
			buildActionMask = 2147483647;
			files = (
			);
			runOnlyForDeploymentPostprocessing = 0;
		};
/* End PBXFrameworksBuildPhase section */

/* Begin PBXGroup section */
		F251F28824AEDFCF00BE7B98 = {
			isa = PBXGroup;
			children = (
				F251F29324AEDFCF00BE7B98 /* gameGalacticBattle */,
				F251F29224AEDFCF00BE7B98 /* Products */,
			);
			sourceTree = "<group>";
		};
		F251F29224AEDFCF00BE7B98 /* Products */ = {
			isa = PBXGroup;
			children = (
				F251F29124AEDFCF00BE7B98 /* gameGalacticBattle.app */,
			);
			name = Products;
			sourceTree = "<group>";
		};
		F251F29324AEDFCF00BE7B98 /* gameGalacticBattle */ = {
			isa = PBXGroup;
			children = (
				F251F29424AEDFCF00BE7B98 /* AppDelegate.swift */,
				F251F29624AEDFCF00BE7B98 /* GameScene.sks */,
				F251F29824AEDFCF00BE7B98 /* Actions.sks */,
				F251F29A24AEDFCF00BE7B98 /* GameScene.swift */,
				F251F29C24AEDFCF00BE7B98 /* GameViewController.swift */,
				F251F29E24AEDFCF00BE7B98 /* Main.storyboard */,
				F251F2A124AEDFCF00BE7B98 /* Assets.xcassets */,
				F251F2A324AEDFD000BE7B98 /* LaunchScreen.storyboard */,
				F251F2A624AEDFD000BE7B98 /* Info.plist */,
			);
			path = gameGalacticBattle;
			sourceTree = "<group>";
		};
/* End PBXGroup section */

/* Begin PBXNativeTarget section */
		F251F29024AEDFCF00BE7B98 /* gameGalacticBattle */ = {
			isa = PBXNativeTarget;
			buildConfigurationList = F251F2A924AEDFD000BE7B98 /* Build configuration list for PBXNativeTarget "gameGalacticBattle" */;
			buildPhases = (
				F251F28D24AEDFCF00BE7B98 /* Sources */,
				F251F28E24AEDFCF00BE7B98 /* Frameworks */,
				F251F28F24AEDFCF00BE7B98 /* Resources */,
			);
			buildRules = (
			);
			dependencies = (
			);
			name = gameGalacticBattle;
			productName = gameGalacticBattle;
			productReference = F251F29124AEDFCF00BE7B98 /* gameGalacticBattle.app */;
			productType = "com.apple.product-type.application";
		};
/* End PBXNativeTarget section */

/* Begin PBXProject section */
		F251F28924AEDFCF00BE7B98 /* Project object */ = {
			isa = PBXProject;
			attributes = {
				LastSwiftUpdateCheck = 1150;
				LastUpgradeCheck = 1150;
				ORGANIZATIONNAME = "Bao Vu";
				TargetAttributes = {
					F251F29024AEDFCF00BE7B98 = {
						CreatedOnToolsVersion = 11.5;
					};
				};
			};
			buildConfigurationList = F251F28C24AEDFCF00BE7B98 /* Build configuration list for PBXProject "gameGalacticBattle" */;
			compatibilityVersion = "Xcode 9.3";
			developmentRegion = en;
			hasScannedForEncodings = 0;
			knownRegions = (
				en,
				Base,
			);
			mainGroup = F251F28824AEDFCF00BE7B98;
			productRefGroup = F251F29224AEDFCF00BE7B98 /* Products */;
			projectDirPath = "";
			projectRoot = "";
			targets = (
				F251F29024AEDFCF00BE7B98 /* gameGalacticBattle */,
			);
		};
/* End PBXProject section */

/* Begin PBXResourcesBuildPhase section */
		F251F28F24AEDFCF00BE7B98 /* Resources */ = {
			isa = PBXResourcesBuildPhase;
			buildActionMask = 2147483647;
			files = (
				F251F2A024AEDFCF00BE7B98 /* Main.storyboard in Resources */,
				F251F29724AEDFCF00BE7B98 /* GameScene.sks in Resources */,
				F251F2A224AEDFCF00BE7B98 /* Assets.xcassets in Resources */,
				F251F2A524AEDFD000BE7B98 /* LaunchScreen.storyboard in Resources */,
				F251F29924AEDFCF00BE7B98 /* Actions.sks in Resources */,
			);
			runOnlyForDeploymentPostprocessing = 0;
		};
/* End PBXResourcesBuildPhase section */

/* Begin PBXSourcesBuildPhase section */
		F251F28D24AEDFCF00BE7B98 /* Sources */ = {
			isa = PBXSourcesBuildPhase;
			buildActionMask = 2147483647;
			files = (
				F251F29B24AEDFCF00BE7B98 /* GameScene.swift in Sources */,
				F251F29D24AEDFCF00BE7B98 /* GameViewController.swift in Sources */,
				F251F29524AEDFCF00BE7B98 /* AppDelegate.swift in Sources */,
			);
			runOnlyForDeploymentPostprocessing = 0;
		};
/* End PBXSourcesBuildPhase section */

/* Begin PBXVariantGroup section */
		F251F29E24AEDFCF00BE7B98 /* Main.storyboard */ = {
			isa = PBXVariantGroup;
			children = (
				F251F29F24AEDFCF00BE7B98 /* Base */,
			);
			name = Main.storyboard;
			sourceTree = "<group>";
		};
		F251F2A324AEDFD000BE7B98 /* LaunchScreen.storyboard */ = {
			isa = PBXVariantGroup;
			children = (
				F251F2A424AEDFD000BE7B98 /* Base */,
			);
			name = LaunchScreen.storyboard;
			sourceTree = "<group>";
		};
/* End PBXVariantGroup section */

/* Begin XCBuildConfiguration section */
		F251F2A724AEDFD000BE7B98 /* Debug */ = {
			isa = XCBuildConfiguration;
			buildSettings = {
				ALWAYS_SEARCH_USER_PATHS = NO;
				CLANG_ANALYZER_NONNULL = YES;
				CLANG_ANALYZER_NUMBER_OBJECT_CONVERSION = YES_AGGRESSIVE;
				CLANG_CXX_LANGUAGE_STANDARD = "gnu++14";
				CLANG_CXX_LIBRARY = "libc++";
				CLANG_ENABLE_MODULES = YES;
				CLANG_ENABLE_OBJC_ARC = YES;
				CLANG_ENABLE_OBJC_WEAK = YES;
				CLANG_WARN_BLOCK_CAPTURE_AUTORELEASING = YES;
				CLANG_WARN_BOOL_CONVERSION = YES;
				CLANG_WARN_COMMA = YES;
				CLANG_WARN_CONSTANT_CONVERSION = YES;
				CLANG_WARN_DEPRECATED_OBJC_IMPLEMENTATIONS = YES;
				CLANG_WARN_DIRECT_OBJC_ISA_USAGE = YES_ERROR;
				CLANG_WARN_DOCUMENTATION_COMMENTS = YES;
				CLANG_WARN_EMPTY_BODY = YES;
				CLANG_WARN_ENUM_CONVERSION = YES;
				CLANG_WARN_INFINITE_RECURSION = YES;
				CLANG_WARN_INT_CONVERSION = YES;
				CLANG_WARN_NON_LITERAL_NULL_CONVERSION = YES;
				CLANG_WARN_OBJC_IMPLICIT_RETAIN_SELF = YES;
				CLANG_WARN_OBJC_LITERAL_CONVERSION = YES;
				CLANG_WARN_OBJC_ROOT_CLASS = YES_ERROR;
				CLANG_WARN_RANGE_LOOP_ANALYSIS = YES;
				CLANG_WARN_STRICT_PROTOTYPES = YES;
				CLANG_WARN_SUSPICIOUS_MOVE = YES;
				CLANG_WARN_UNGUARDED_AVAILABILITY = YES_AGGRESSIVE;
				CLANG_WARN_UNREACHABLE_CODE = YES;
				CLANG_WARN__DUPLICATE_METHOD_MATCH = YES;
				COPY_PHASE_STRIP = NO;
				DEBUG_INFORMATION_FORMAT = dwarf;
				ENABLE_STRICT_OBJC_MSGSEND = YES;
				ENABLE_TESTABILITY = YES;
				GCC_C_LANGUAGE_STANDARD = gnu11;
				GCC_DYNAMIC_NO_PIC = NO;
				GCC_NO_COMMON_BLOCKS = YES;
				GCC_OPTIMIZATION_LEVEL = 0;
				GCC_PREPROCESSOR_DEFINITIONS = (
					"DEBUG=1",
					"$(inherited)",
				);
				GCC_WARN_64_TO_32_BIT_CONVERSION = YES;
				GCC_WARN_ABOUT_RETURN_TYPE = YES_ERROR;
				GCC_WARN_UNDECLARED_SELECTOR = YES;
				GCC_WARN_UNINITIALIZED_AUTOS = YES_AGGRESSIVE;
				GCC_WARN_UNUSED_FUNCTION = YES;
				GCC_WARN_UNUSED_VARIABLE = YES;
				IPHONEOS_DEPLOYMENT_TARGET = 13.5;
				MTL_ENABLE_DEBUG_INFO = INCLUDE_SOURCE;
				MTL_FAST_MATH = YES;
				ONLY_ACTIVE_ARCH = YES;
				SDKROOT = iphoneos;
				SWIFT_ACTIVE_COMPILATION_CONDITIONS = DEBUG;
				SWIFT_OPTIMIZATION_LEVEL = "-Onone";
			};
			name = Debug;
		};
		F251F2A824AEDFD000BE7B98 /* Release */ = {
			isa = XCBuildConfiguration;
			buildSettings = {
				ALWAYS_SEARCH_USER_PATHS = NO;
				CLANG_ANALYZER_NONNULL = YES;
				CLANG_ANALYZER_NUMBER_OBJECT_CONVERSION = YES_AGGRESSIVE;
				CLANG_CXX_LANGUAGE_STANDARD = "gnu++14";
				CLANG_CXX_LIBRARY = "libc++";
				CLANG_ENABLE_MODULES = YES;
				CLANG_ENABLE_OBJC_ARC = YES;
				CLANG_ENABLE_OBJC_WEAK = YES;
				CLANG_WARN_BLOCK_CAPTURE_AUTORELEASING = YES;
				CLANG_WARN_BOOL_CONVERSION = YES;
				CLANG_WARN_COMMA = YES;
				CLANG_WARN_CONSTANT_CONVERSION = YES;
				CLANG_WARN_DEPRECATED_OBJC_IMPLEMENTATIONS = YES;
				CLANG_WARN_DIRECT_OBJC_ISA_USAGE = YES_ERROR;
				CLANG_WARN_DOCUMENTATION_COMMENTS = YES;
				CLANG_WARN_EMPTY_BODY = YES;
				CLANG_WARN_ENUM_CONVERSION = YES;
				CLANG_WARN_INFINITE_RECURSION = YES;
				CLANG_WARN_INT_CONVERSION = YES;
				CLANG_WARN_NON_LITERAL_NULL_CONVERSION = YES;
				CLANG_WARN_OBJC_IMPLICIT_RETAIN_SELF = YES;
				CLANG_WARN_OBJC_LITERAL_CONVERSION = YES;
				CLANG_WARN_OBJC_ROOT_CLASS = YES_ERROR;
				CLANG_WARN_RANGE_LOOP_ANALYSIS = YES;
				CLANG_WARN_STRICT_PROTOTYPES = YES;
				CLANG_WARN_SUSPICIOUS_MOVE = YES;
				CLANG_WARN_UNGUARDED_AVAILABILITY = YES_AGGRESSIVE;
				CLANG_WARN_UNREACHABLE_CODE = YES;
				CLANG_WARN__DUPLICATE_METHOD_MATCH = YES;
				COPY_PHASE_STRIP = NO;
				DEBUG_INFORMATION_FORMAT = "dwarf-with-dsym";
				ENABLE_NS_ASSERTIONS = NO;
				ENABLE_STRICT_OBJC_MSGSEND = YES;
				GCC_C_LANGUAGE_STANDARD = gnu11;
				GCC_NO_COMMON_BLOCKS = YES;
				GCC_WARN_64_TO_32_BIT_CONVERSION = YES;
				GCC_WARN_ABOUT_RETURN_TYPE = YES_ERROR;
				GCC_WARN_UNDECLARED_SELECTOR = YES;
				GCC_WARN_UNINITIALIZED_AUTOS = YES_AGGRESSIVE;
				GCC_WARN_UNUSED_FUNCTION = YES;
				GCC_WARN_UNUSED_VARIABLE = YES;
				IPHONEOS_DEPLOYMENT_TARGET = 13.5;
				MTL_ENABLE_DEBUG_INFO = NO;
				MTL_FAST_MATH = YES;
				SDKROOT = iphoneos;
				SWIFT_COMPILATION_MODE = wholemodule;
				SWIFT_OPTIMIZATION_LEVEL = "-O";
				VALIDATE_PRODUCT = YES;
			};
			name = Release;
		};
		F251F2AA24AEDFD000BE7B98 /* Debug */ = {
			isa = XCBuildConfiguration;
			buildSettings = {
				ASSETCATALOG_COMPILER_APPICON_NAME = AppIcon;
				CODE_SIGN_STYLE = Automatic;
				DEVELOPMENT_TEAM = RPTDRCVD26;
				INFOPLIST_FILE = gameGalacticBattle/Info.plist;
				LD_RUNPATH_SEARCH_PATHS = (
					"$(inherited)",
					"@executable_path/Frameworks",
				);
				PRODUCT_BUNDLE_IDENTIFIER = "com.BaoVu-Apps.gameGalacticBattle";
				PRODUCT_NAME = "$(TARGET_NAME)";
				SWIFT_VERSION = 5.0;
				TARGETED_DEVICE_FAMILY = "1,2";
			};
			name = Debug;
		};
		F251F2AB24AEDFD000BE7B98 /* Release */ = {
			isa = XCBuildConfiguration;
			buildSettings = {
				ASSETCATALOG_COMPILER_APPICON_NAME = AppIcon;
				CODE_SIGN_STYLE = Automatic;
				DEVELOPMENT_TEAM = RPTDRCVD26;
				INFOPLIST_FILE = gameGalacticBattle/Info.plist;
				LD_RUNPATH_SEARCH_PATHS = (
					"$(inherited)",
					"@executable_path/Frameworks",
				);
				PRODUCT_BUNDLE_IDENTIFIER = "com.BaoVu-Apps.gameGalacticBattle";
				PRODUCT_NAME = "$(TARGET_NAME)";
				SWIFT_VERSION = 5.0;
				TARGETED_DEVICE_FAMILY = "1,2";
			};
			name = Release;
		};
/* End XCBuildConfiguration section */

/* Begin XCConfigurationList section */
		F251F28C24AEDFCF00BE7B98 /* Build configuration list for PBXProject "gameGalacticBattle" */ = {
			isa = XCConfigurationList;
			buildConfigurations = (
				F251F2A724AEDFD000BE7B98 /* Debug */,
				F251F2A824AEDFD000BE7B98 /* Release */,
			);
			defaultConfigurationIsVisible = 0;
			defaultConfigurationName = Release;
		};
		F251F2A924AEDFD000BE7B98 /* Build configuration list for PBXNativeTarget "gameGalacticBattle" */ = {
			isa = XCConfigurationList;
			buildConfigurations = (
				F251F2AA24AEDFD000BE7B98 /* Debug */,
				F251F2AB24AEDFD000BE7B98 /* Release */,
			);
			defaultConfigurationIsVisible = 0;
			defaultConfigurationName = Release;
		};
/* End XCConfigurationList section */
	};
	rootObject = F251F28924AEDFCF00BE7B98 /* Project object */;
}
